
Microsoft Visual Studio Solution File, Format Version 12.00
# Visual Studio Version 16
VisualStudioVersion = 16.0.29519.87
MinimumVisualStudioVersion = 10.0.40219.1
Project("{FAE04EC0-301F-11D3-BF4B-00C04F79EFBC}") = "KursovaRabota", "KursovaRabota\KursovaRabota.csproj", "{03ECD67E-B9AD-4453-962A-5D4D7646E383}"
EndProject
Global
	GlobalSection(SolutionConfigurationPlatforms) = preSolution
		Debug|Any CPU = Debug|Any CPU
		Release|Any CPU = Release|Any CPU
	EndGlobalSection
	GlobalSection(ProjectConfigurationPlatforms) = postSolution
		{03ECD67E-B9AD-4453-962A-5D4D7646E383}.Debug|Any CPU.ActiveCfg = Debug|Any CPU
		{03ECD67E-B9AD-4453-962A-5D4D7646E383}.Debug|Any CPU.Build.0 = Debug|Any CPU
		{03ECD67E-B9AD-4453-962A-5D4D7646E383}.Release|Any CPU.ActiveCfg = Release|Any CPU
		{03ECD67E-B9AD-4453-962A-5D4D7646E383}.Release|Any CPU.Build.0 = Release|Any CPU
	EndGlobalSection
	GlobalSection(SolutionProperties) = preSolution
		HideSolutionNode = FALSE
	EndGlobalSection
	GlobalSection(ExtensibilityGlobals) = postSolution
		SolutionGuid = {3CD882CD-951C-405F-B90A-D67A912CD12E}
	EndGlobalSection
EndGlobal
